
Microsoft Visual Studio Solution File, Format Version 12.00
# Visual Studio Version 17
VisualStudioVersion = 17.3.32922.545
MinimumVisualStudioVersion = 10.0.40219.1
Project("{9A19103F-16F7-4668-BE54-9A1E7A4F7556}") = "Experimental.UI.Algorithm.Executor.WPF", "Genetic.Algorithm.Tangram.Solver\Experimental.UI.Algorithm.Executor.WPF.csproj", "{399AB789-9241-4FFD-B5E4-49FAE8716535}"
EndProject
Project("{9A19103F-16F7-4668-BE54-9A1E7A4F7556}") = "Genetic.Algorithm.Tangram.Solver.Logic", "Genetic.Algorithm.Tangram.Solver.Logic\Genetic.Algorithm.Tangram.Solver.Logic.csproj", "{61731936-5AE6-4C55-AD71-B1D6E5B99AED}"
EndProject
Project("{9A19103F-16F7-4668-BE54-9A1E7A4F7556}") = "Genetic.Algorithm.Tangram.Solver.Logic.UT", "Genetic.Algorithm.Tangram.Solver.Logic.UT\Genetic.Algorithm.Tangram.Solver.Logic.UT.csproj", "{DBA18022-6412-47A1-BFA5-5515EB81FCA8}"
EndProject
Project("{2150E333-8FDC-42A3-9474-1A3956D46DE8}") = ".solution-items", ".solution-items", "{52BC3AEC-5C10-4976-A7FF-5902D13CC443}"
	ProjectSection(SolutionItems) = preProject
		README.md = README.md
		TODOs.md = TODOs.md
	EndProjectSection
EndProject
Project("{9A19103F-16F7-4668-BE54-9A1E7A4F7556}") = "Tangram.GameParts.Elements", "Tangram.Common.GameParts\Tangram.GameParts.Elements.csproj", "{ABCAA61C-B0E6-4684-9423-23552B8B1739}"
EndProject
Project("{9A19103F-16F7-4668-BE54-9A1E7A4F7556}") = "Tangram.GameParts.Logic", "Genetic.Algorithm.Tangram.Solver.Domain\Tangram.GameParts.Logic.csproj", "{1079AAA0-B2F6-4FD0-A572-1C29EC6A7E21}"
EndProject
Project("{9A19103F-16F7-4668-BE54-9A1E7A4F7556}") = "Algorithm.Tangram.Common", "Tangram.Utilities\Algorithm.Tangram.Common.csproj", "{4E30A002-4720-475A-8767-F5DC7EC1784A}"
EndProject
Project("{9A19103F-16F7-4668-BE54-9A1E7A4F7556}") = "Solver.Tangram.AlgorithmDefinitions", "Tangram.Common.GameParts.Configurator\Solver.Tangram.AlgorithmDefinitions.csproj", "{B27B7E47-98BF-43EE-8636-1F9A4FF30F27}"
EndProject
Project("{2150E333-8FDC-42A3-9474-1A3956D46DE8}") = "engine", "engine", "{A7572B68-0E0E-4A6F-BEA8-A6717F05FA02}"
EndProject
Project("{2150E333-8FDC-42A3-9474-1A3956D46DE8}") = "unit-tests", "unit-tests", "{0D3E1247-6DE9-4E80-B3D9-AEE723124542}"
EndProject
Project("{2150E333-8FDC-42A3-9474-1A3956D46DE8}") = "solver.logic", "solver.logic", "{BD780A89-0748-4A6C-931A-CADBD8C4B41E}"
EndProject
Project("{2150E333-8FDC-42A3-9474-1A3956D46DE8}") = "game-parts.logic", "game-parts.logic", "{2F317253-CF7A-4799-B5DB-F040319A3CD5}"
EndProject
Project("{2150E333-8FDC-42A3-9474-1A3956D46DE8}") = "common.logic", "common.logic", "{73FE0012-BA52-45F3-911D-20A7569C6FEA}"
EndProject
Project("{9A19103F-16F7-4668-BE54-9A1E7A4F7556}") = "Algorithm.Tangram.TreeSearch.Logic", "MCTS.Algorithm.Tangram.Solver.Logic\Algorithm.Tangram.MCTS.Logic\Algorithm.Tangram.TreeSearch.Logic.csproj", "{9439AD09-C7B0-4C70-9D63-30FEFDC2E5C0}"
EndProject
Project("{2150E333-8FDC-42A3-9474-1A3956D46DE8}") = "genetic-algorithm-solver", "genetic-algorithm-solver", "{E1F78DA2-AC4B-41A0-808E-2F162031D816}"
EndProject
Project("{2150E333-8FDC-42A3-9474-1A3956D46DE8}") = "tree-search-solver", "tree-search-solver", "{3217F42B-34C2-4970-A9C2-0BB3B4FA4FF9}"
EndProject
Project("{2150E333-8FDC-42A3-9474-1A3956D46DE8}") = "game-parts.configuration", "game-parts.configuration", "{586303E9-79F5-4E51-8C71-9465E058FE16}"
EndProject
Project("{2150E333-8FDC-42A3-9474-1A3956D46DE8}") = "solver.configuration", "solver.configuration", "{E35B266C-FCBD-4998-BF6E-17CD0FB6274C}"
EndProject
Project("{9A19103F-16F7-4668-BE54-9A1E7A4F7556}") = "Solver.Tangram.Game.Logic", "Solver.Tangram.AlgorithmDefinitions.Configuration\Solver.Tangram.AlgorithmDefinitions.Configuration\Solver.Tangram.Game.Logic.csproj", "{51FEDAB6-53F0-4537-9E33-0CC94302C148}"
EndProject
Project("{9A19103F-16F7-4668-BE54-9A1E7A4F7556}") = "Genetic.Algorithm.Tangram.GA.Solver.Templates", "Tangram.Common.GameParts.Algorithm\Genetic.Algorithm.Tangram.GA.Solver.Templates.csproj", "{34E734BD-9BFE-47BC-99F7-3D418457BA63}"
EndProject
Project("{2150E333-8FDC-42A3-9474-1A3956D46DE8}") = ".configuration", ".configuration", "{4E35660A-A10F-42D2-879B-96E0F9BAC7A0}"
EndProject
Project("{9A19103F-16F7-4668-BE54-9A1E7A4F7556}") = "TreeSearch.Algorithm.Tangram.Solver.Templates", "TreeSearch.Algorithm.Tangram.Solver.Templates\TreeSearch.Algorithm.Tangram.Solver.Templates\TreeSearch.Algorithm.Tangram.Solver.Templates.csproj", "{DC9B12CA-77B7-4690-AFBC-9C54749C4A0E}"
EndProject
Project("{9A19103F-16F7-4668-BE54-9A1E7A4F7556}") = "Experimental.MVVM.Backend.Chrometabs", "wpfchrometabs-mvvm\ChromeTabs\Experimental.MVVM.Backend.Chrometabs.csproj", "{CE6F383E-E65A-48A1-BE61-F023EB924E0E}"
EndProject
Project("{9A19103F-16F7-4668-BE54-9A1E7A4F7556}") = "Experimental.MVVM.WPF.Presenter", "wpfchrometabs-mvvm\Demo\Experimental.MVVM.WPF.Presenter.csproj", "{367A3E86-0355-4AE0-9584-3687F2F4DAFC}"
EndProject
Project("{2150E333-8FDC-42A3-9474-1A3956D46DE8}") = "wpf-ui-presenters", "wpf-ui-presenters", "{C3C0FD75-70AB-41C6-9EC0-E8A58590BC2F}"
EndProject
Global
	GlobalSection(SolutionConfigurationPlatforms) = preSolution
		Debug|Any CPU = Debug|Any CPU
		Release|Any CPU = Release|Any CPU
	EndGlobalSection
	GlobalSection(ProjectConfigurationPlatforms) = postSolution
		{399AB789-9241-4FFD-B5E4-49FAE8716535}.Debug|Any CPU.ActiveCfg = Debug|Any CPU
		{399AB789-9241-4FFD-B5E4-49FAE8716535}.Debug|Any CPU.Build.0 = Debug|Any CPU
		{399AB789-9241-4FFD-B5E4-49FAE8716535}.Release|Any CPU.ActiveCfg = Release|Any CPU
		{399AB789-9241-4FFD-B5E4-49FAE8716535}.Release|Any CPU.Build.0 = Release|Any CPU
		{61731936-5AE6-4C55-AD71-B1D6E5B99AED}.Debug|Any CPU.ActiveCfg = Debug|Any CPU
		{61731936-5AE6-4C55-AD71-B1D6E5B99AED}.Debug|Any CPU.Build.0 = Debug|Any CPU
		{61731936-5AE6-4C55-AD71-B1D6E5B99AED}.Release|Any CPU.ActiveCfg = Release|Any CPU
		{61731936-5AE6-4C55-AD71-B1D6E5B99AED}.Release|Any CPU.Build.0 = Release|Any CPU
		{DBA18022-6412-47A1-BFA5-5515EB81FCA8}.Debug|Any CPU.ActiveCfg = Debug|Any CPU
		{DBA18022-6412-47A1-BFA5-5515EB81FCA8}.Debug|Any CPU.Build.0 = Debug|Any CPU
		{DBA18022-6412-47A1-BFA5-5515EB81FCA8}.Release|Any CPU.ActiveCfg = Release|Any CPU
		{DBA18022-6412-47A1-BFA5-5515EB81FCA8}.Release|Any CPU.Build.0 = Release|Any CPU
		{ABCAA61C-B0E6-4684-9423-23552B8B1739}.Debug|Any CPU.ActiveCfg = Debug|Any CPU
		{ABCAA61C-B0E6-4684-9423-23552B8B1739}.Debug|Any CPU.Build.0 = Debug|Any CPU
		{ABCAA61C-B0E6-4684-9423-23552B8B1739}.Release|Any CPU.ActiveCfg = Release|Any CPU
		{ABCAA61C-B0E6-4684-9423-23552B8B1739}.Release|Any CPU.Build.0 = Release|Any CPU
		{1079AAA0-B2F6-4FD0-A572-1C29EC6A7E21}.Debug|Any CPU.ActiveCfg = Debug|Any CPU
		{1079AAA0-B2F6-4FD0-A572-1C29EC6A7E21}.Debug|Any CPU.Build.0 = Debug|Any CPU
		{1079AAA0-B2F6-4FD0-A572-1C29EC6A7E21}.Release|Any CPU.ActiveCfg = Release|Any CPU
		{1079AAA0-B2F6-4FD0-A572-1C29EC6A7E21}.Release|Any CPU.Build.0 = Release|Any CPU
		{4E30A002-4720-475A-8767-F5DC7EC1784A}.Debug|Any CPU.ActiveCfg = Debug|Any CPU
		{4E30A002-4720-475A-8767-F5DC7EC1784A}.Debug|Any CPU.Build.0 = Debug|Any CPU
		{4E30A002-4720-475A-8767-F5DC7EC1784A}.Release|Any CPU.ActiveCfg = Release|Any CPU
		{4E30A002-4720-475A-8767-F5DC7EC1784A}.Release|Any CPU.Build.0 = Release|Any CPU
		{B27B7E47-98BF-43EE-8636-1F9A4FF30F27}.Debug|Any CPU.ActiveCfg = Debug|Any CPU
		{B27B7E47-98BF-43EE-8636-1F9A4FF30F27}.Debug|Any CPU.Build.0 = Debug|Any CPU
		{B27B7E47-98BF-43EE-8636-1F9A4FF30F27}.Release|Any CPU.ActiveCfg = Release|Any CPU
		{B27B7E47-98BF-43EE-8636-1F9A4FF30F27}.Release|Any CPU.Build.0 = Release|Any CPU
		{9439AD09-C7B0-4C70-9D63-30FEFDC2E5C0}.Debug|Any CPU.ActiveCfg = Debug|Any CPU
		{9439AD09-C7B0-4C70-9D63-30FEFDC2E5C0}.Debug|Any CPU.Build.0 = Debug|Any CPU
		{9439AD09-C7B0-4C70-9D63-30FEFDC2E5C0}.Release|Any CPU.ActiveCfg = Release|Any CPU
		{9439AD09-C7B0-4C70-9D63-30FEFDC2E5C0}.Release|Any CPU.Build.0 = Release|Any CPU
		{51FEDAB6-53F0-4537-9E33-0CC94302C148}.Debug|Any CPU.ActiveCfg = Debug|Any CPU
		{51FEDAB6-53F0-4537-9E33-0CC94302C148}.Debug|Any CPU.Build.0 = Debug|Any CPU
		{51FEDAB6-53F0-4537-9E33-0CC94302C148}.Release|Any CPU.ActiveCfg = Release|Any CPU
		{51FEDAB6-53F0-4537-9E33-0CC94302C148}.Release|Any CPU.Build.0 = Release|Any CPU
		{34E734BD-9BFE-47BC-99F7-3D418457BA63}.Debug|Any CPU.ActiveCfg = Debug|Any CPU
		{34E734BD-9BFE-47BC-99F7-3D418457BA63}.Debug|Any CPU.Build.0 = Debug|Any CPU
		{34E734BD-9BFE-47BC-99F7-3D418457BA63}.Release|Any CPU.ActiveCfg = Release|Any CPU
		{34E734BD-9BFE-47BC-99F7-3D418457BA63}.Release|Any CPU.Build.0 = Release|Any CPU
		{DC9B12CA-77B7-4690-AFBC-9C54749C4A0E}.Debug|Any CPU.ActiveCfg = Debug|Any CPU
		{DC9B12CA-77B7-4690-AFBC-9C54749C4A0E}.Debug|Any CPU.Build.0 = Debug|Any CPU
		{DC9B12CA-77B7-4690-AFBC-9C54749C4A0E}.Release|Any CPU.ActiveCfg = Release|Any CPU
		{DC9B12CA-77B7-4690-AFBC-9C54749C4A0E}.Release|Any CPU.Build.0 = Release|Any CPU
		{CE6F383E-E65A-48A1-BE61-F023EB924E0E}.Debug|Any CPU.ActiveCfg = Debug|Any CPU
		{CE6F383E-E65A-48A1-BE61-F023EB924E0E}.Debug|Any CPU.Build.0 = Debug|Any CPU
		{CE6F383E-E65A-48A1-BE61-F023EB924E0E}.Release|Any CPU.ActiveCfg = Release|Any CPU
		{CE6F383E-E65A-48A1-BE61-F023EB924E0E}.Release|Any CPU.Build.0 = Release|Any CPU
		{367A3E86-0355-4AE0-9584-3687F2F4DAFC}.Debug|Any CPU.ActiveCfg = Debug|Any CPU
		{367A3E86-0355-4AE0-9584-3687F2F4DAFC}.Debug|Any CPU.Build.0 = Debug|Any CPU
		{367A3E86-0355-4AE0-9584-3687F2F4DAFC}.Release|Any CPU.ActiveCfg = Release|Any CPU
		{367A3E86-0355-4AE0-9584-3687F2F4DAFC}.Release|Any CPU.Build.0 = Release|Any CPU
	EndGlobalSection
	GlobalSection(SolutionProperties) = preSolution
		HideSolutionNode = FALSE
	EndGlobalSection
	GlobalSection(NestedProjects) = preSolution
		{61731936-5AE6-4C55-AD71-B1D6E5B99AED} = {E1F78DA2-AC4B-41A0-808E-2F162031D816}
		{DBA18022-6412-47A1-BFA5-5515EB81FCA8} = {0D3E1247-6DE9-4E80-B3D9-AEE723124542}
		{ABCAA61C-B0E6-4684-9423-23552B8B1739} = {586303E9-79F5-4E51-8C71-9465E058FE16}
		{1079AAA0-B2F6-4FD0-A572-1C29EC6A7E21} = {2F317253-CF7A-4799-B5DB-F040319A3CD5}
		{4E30A002-4720-475A-8767-F5DC7EC1784A} = {73FE0012-BA52-45F3-911D-20A7569C6FEA}
		{B27B7E47-98BF-43EE-8636-1F9A4FF30F27} = {BD780A89-0748-4A6C-931A-CADBD8C4B41E}
		{BD780A89-0748-4A6C-931A-CADBD8C4B41E} = {A7572B68-0E0E-4A6F-BEA8-A6717F05FA02}
		{2F317253-CF7A-4799-B5DB-F040319A3CD5} = {A7572B68-0E0E-4A6F-BEA8-A6717F05FA02}
		{73FE0012-BA52-45F3-911D-20A7569C6FEA} = {A7572B68-0E0E-4A6F-BEA8-A6717F05FA02}
		{9439AD09-C7B0-4C70-9D63-30FEFDC2E5C0} = {3217F42B-34C2-4970-A9C2-0BB3B4FA4FF9}
		{E1F78DA2-AC4B-41A0-808E-2F162031D816} = {BD780A89-0748-4A6C-931A-CADBD8C4B41E}
		{3217F42B-34C2-4970-A9C2-0BB3B4FA4FF9} = {BD780A89-0748-4A6C-931A-CADBD8C4B41E}
		{586303E9-79F5-4E51-8C71-9465E058FE16} = {4E35660A-A10F-42D2-879B-96E0F9BAC7A0}
		{E35B266C-FCBD-4998-BF6E-17CD0FB6274C} = {4E35660A-A10F-42D2-879B-96E0F9BAC7A0}
		{51FEDAB6-53F0-4537-9E33-0CC94302C148} = {A7572B68-0E0E-4A6F-BEA8-A6717F05FA02}
		{34E734BD-9BFE-47BC-99F7-3D418457BA63} = {E35B266C-FCBD-4998-BF6E-17CD0FB6274C}
		{4E35660A-A10F-42D2-879B-96E0F9BAC7A0} = {A7572B68-0E0E-4A6F-BEA8-A6717F05FA02}
		{DC9B12CA-77B7-4690-AFBC-9C54749C4A0E} = {E35B266C-FCBD-4998-BF6E-17CD0FB6274C}
		{CE6F383E-E65A-48A1-BE61-F023EB924E0E} = {C3C0FD75-70AB-41C6-9EC0-E8A58590BC2F}
		{367A3E86-0355-4AE0-9584-3687F2F4DAFC} = {C3C0FD75-70AB-41C6-9EC0-E8A58590BC2F}
	EndGlobalSection
	GlobalSection(ExtensibilityGlobals) = postSolution
		SolutionGuid = {ADC3F980-CAA3-45AF-A179-5C449EB5704C}
	EndGlobalSection
EndGlobal
